// !$*UTF8*$!
{
	archiveVersion = 1;
	classes = {
	};
	objectVersion = 50;
	objects = {

/* Begin PBXBuildFile section */
		1C7AAC2B0A9B3B8738AA810E /* Pods_firebaseLogin.framework in Frameworks */ = {isa = PBXBuildFile; fileRef = 43372DB4C8E393AC49FB8EEB /* Pods_firebaseLogin.framework */; };
		5E51901722DD5CA300C77FF6 /* AppDelegate.swift in Sources */ = {isa = PBXBuildFile; fileRef = 5E51901622DD5CA300C77FF6 /* AppDelegate.swift */; };
		5E51901922DD5CA300C77FF6 /* ViewController.swift in Sources */ = {isa = PBXBuildFile; fileRef = 5E51901822DD5CA300C77FF6 /* ViewController.swift */; };
		5E51901C22DD5CA300C77FF6 /* Main.storyboard in Resources */ = {isa = PBXBuildFile; fileRef = 5E51901A22DD5CA300C77FF6 /* Main.storyboard */; };
		5E51901E22DD5CA600C77FF6 /* Assets.xcassets in Resources */ = {isa = PBXBuildFile; fileRef = 5E51901D22DD5CA600C77FF6 /* Assets.xcassets */; };
		5E51902122DD5CA600C77FF6 /* LaunchScreen.storyboard in Resources */ = {isa = PBXBuildFile; fileRef = 5E51901F22DD5CA600C77FF6 /* LaunchScreen.storyboard */; };
		5E51902922DD758B00C77FF6 /* GoogleService-Info.plist in Resources */ = {isa = PBXBuildFile; fileRef = 5E51902822DD758B00C77FF6 /* GoogleService-Info.plist */; };
		5E51902C22DD77A300C77FF6 /* SingInViewController.swift in Sources */ = {isa = PBXBuildFile; fileRef = 5E51902B22DD77A300C77FF6 /* SingInViewController.swift */; };
		5E51902E22DDA8CB00C77FF6 /* HomeViewController.swift in Sources */ = {isa = PBXBuildFile; fileRef = 5E51902D22DDA8CB00C77FF6 /* HomeViewController.swift */; };
/* End PBXBuildFile section */

/* Begin PBXFileReference section */
		02973CBB7BFFBE245B675D52 /* Pods-firebaseLogin.debug.xcconfig */ = {isa = PBXFileReference; includeInIndex = 1; lastKnownFileType = text.xcconfig; name = "Pods-firebaseLogin.debug.xcconfig"; path = "Pods/Target Support Files/Pods-firebaseLogin/Pods-firebaseLogin.debug.xcconfig"; sourceTree = "<group>"; };
		143ADE4C64AA4A764241B3C1 /* Pods-firebaseLogin.release.xcconfig */ = {isa = PBXFileReference; includeInIndex = 1; lastKnownFileType = text.xcconfig; name = "Pods-firebaseLogin.release.xcconfig"; path = "Pods/Target Support Files/Pods-firebaseLogin/Pods-firebaseLogin.release.xcconfig"; sourceTree = "<group>"; };
		43372DB4C8E393AC49FB8EEB /* Pods_firebaseLogin.framework */ = {isa = PBXFileReference; explicitFileType = wrapper.framework; includeInIndex = 0; path = Pods_firebaseLogin.framework; sourceTree = BUILT_PRODUCTS_DIR; };
		5E51901322DD5CA300C77FF6 /* firebaseLogin.app */ = {isa = PBXFileReference; explicitFileType = wrapper.application; includeInIndex = 0; path = firebaseLogin.app; sourceTree = BUILT_PRODUCTS_DIR; };
		5E51901622DD5CA300C77FF6 /* AppDelegate.swift */ = {isa = PBXFileReference; lastKnownFileType = sourcecode.swift; path = AppDelegate.swift; sourceTree = "<group>"; };
		5E51901822DD5CA300C77FF6 /* ViewController.swift */ = {isa = PBXFileReference; lastKnownFileType = sourcecode.swift; path = ViewController.swift; sourceTree = "<group>"; };
		5E51901B22DD5CA300C77FF6 /* Base */ = {isa = PBXFileReference; lastKnownFileType = file.storyboard; name = Base; path = Base.lproj/Main.storyboard; sourceTree = "<group>"; };
		5E51901D22DD5CA600C77FF6 /* Assets.xcassets */ = {isa = PBXFileReference; lastKnownFileType = folder.assetcatalog; path = Assets.xcassets; sourceTree = "<group>"; };
		5E51902022DD5CA600C77FF6 /* Base */ = {isa = PBXFileReference; lastKnownFileType = file.storyboard; name = Base; path = Base.lproj/LaunchScreen.storyboard; sourceTree = "<group>"; };
		5E51902222DD5CA600C77FF6 /* Info.plist */ = {isa = PBXFileReference; lastKnownFileType = text.plist.xml; path = Info.plist; sourceTree = "<group>"; };
		5E51902822DD758B00C77FF6 /* GoogleService-Info.plist */ = {isa = PBXFileReference; fileEncoding = 4; lastKnownFileType = text.plist.xml; path = "GoogleService-Info.plist"; sourceTree = "<group>"; };
		5E51902B22DD77A300C77FF6 /* SingInViewController.swift */ = {isa = PBXFileReference; lastKnownFileType = sourcecode.swift; path = SingInViewController.swift; sourceTree = "<group>"; };
		5E51902D22DDA8CB00C77FF6 /* HomeViewController.swift */ = {isa = PBXFileReference; lastKnownFileType = sourcecode.swift; path = HomeViewController.swift; sourceTree = "<group>"; };
/* End PBXFileReference section */

/* Begin PBXFrameworksBuildPhase section */
		5E51901022DD5CA300C77FF6 /* Frameworks */ = {
			isa = PBXFrameworksBuildPhase;
			buildActionMask = 2147483647;
			files = (
				1C7AAC2B0A9B3B8738AA810E /* Pods_firebaseLogin.framework in Frameworks */,
			);
			runOnlyForDeploymentPostprocessing = 0;
		};
/* End PBXFrameworksBuildPhase section */

/* Begin PBXGroup section */
		09D96849B0D156B62EFD23DF /* Frameworks */ = {
			isa = PBXGroup;
			children = (
				43372DB4C8E393AC49FB8EEB /* Pods_firebaseLogin.framework */,
			);
			name = Frameworks;
			sourceTree = "<group>";
		};
		5E51900A22DD5CA300C77FF6 = {
			isa = PBXGroup;
			children = (
				5E51901522DD5CA300C77FF6 /* firebaseLogin */,
				5E51901422DD5CA300C77FF6 /* Products */,
				EB9C8BD77FEB5101446B6B02 /* Pods */,
				09D96849B0D156B62EFD23DF /* Frameworks */,
			);
			sourceTree = "<group>";
		};
		5E51901422DD5CA300C77FF6 /* Products */ = {
			isa = PBXGroup;
			children = (
				5E51901322DD5CA300C77FF6 /* firebaseLogin.app */,
			);
			name = Products;
			sourceTree = "<group>";
		};
		5E51901522DD5CA300C77FF6 /* firebaseLogin */ = {
			isa = PBXGroup;
			children = (
				5E51901622DD5CA300C77FF6 /* AppDelegate.swift */,
				5E51902A22DD778600C77FF6 /* Controller */,
				5E51901A22DD5CA300C77FF6 /* Main.storyboard */,
				5E51901D22DD5CA600C77FF6 /* Assets.xcassets */,
				5E51901F22DD5CA600C77FF6 /* LaunchScreen.storyboard */,
				5E51902222DD5CA600C77FF6 /* Info.plist */,
				5E51902822DD758B00C77FF6 /* GoogleService-Info.plist */,
			);
			path = firebaseLogin;
			sourceTree = "<group>";
		};
		5E51902A22DD778600C77FF6 /* Controller */ = {
			isa = PBXGroup;
			children = (
				5E51901822DD5CA300C77FF6 /* ViewController.swift */,
				5E51902B22DD77A300C77FF6 /* SingInViewController.swift */,
				5E51902D22DDA8CB00C77FF6 /* HomeViewController.swift */,
			);
			path = Controller;
			sourceTree = "<group>";
		};
		EB9C8BD77FEB5101446B6B02 /* Pods */ = {
			isa = PBXGroup;
			children = (
				02973CBB7BFFBE245B675D52 /* Pods-firebaseLogin.debug.xcconfig */,
				143ADE4C64AA4A764241B3C1 /* Pods-firebaseLogin.release.xcconfig */,
			);
			name = Pods;
			sourceTree = "<group>";
		};
/* End PBXGroup section */

/* Begin PBXNativeTarget section */
		5E51901222DD5CA300C77FF6 /* firebaseLogin */ = {
			isa = PBXNativeTarget;
			buildConfigurationList = 5E51902522DD5CA600C77FF6 /* Build configuration list for PBXNativeTarget "firebaseLogin" */;
			buildPhases = (
				3FF185685F938D650BAABB8C /* [CP] Check Pods Manifest.lock */,
				5E51900F22DD5CA300C77FF6 /* Sources */,
				5E51901022DD5CA300C77FF6 /* Frameworks */,
				5E51901122DD5CA300C77FF6 /* Resources */,
				9E95DCA856CB0DF6B12B5A45 /* [CP] Embed Pods Frameworks */,
			);
			buildRules = (
			);
			dependencies = (
			);
			name = firebaseLogin;
			productName = firebaseLogin;
			productReference = 5E51901322DD5CA300C77FF6 /* firebaseLogin.app */;
			productType = "com.apple.product-type.application";
		};
/* End PBXNativeTarget section */

/* Begin PBXProject section */
		5E51900B22DD5CA300C77FF6 /* Project object */ = {
			isa = PBXProject;
			attributes = {
				LastSwiftUpdateCheck = 1020;
				LastUpgradeCheck = 1020;
				ORGANIZATIONNAME = "chelsea lin";
				TargetAttributes = {
					5E51901222DD5CA300C77FF6 = {
						CreatedOnToolsVersion = 10.2.1;
					};
				};
			};
			buildConfigurationList = 5E51900E22DD5CA300C77FF6 /* Build configuration list for PBXProject "firebaseLogin" */;
			compatibilityVersion = "Xcode 9.3";
			developmentRegion = en;
			hasScannedForEncodings = 0;
			knownRegions = (
				en,
				Base,
			);
			mainGroup = 5E51900A22DD5CA300C77FF6;
			productRefGroup = 5E51901422DD5CA300C77FF6 /* Products */;
			projectDirPath = "";
			projectRoot = "";
			targets = (
				5E51901222DD5CA300C77FF6 /* firebaseLogin */,
			);
		};
/* End PBXProject section */

/* Begin PBXResourcesBuildPhase section */
		5E51901122DD5CA300C77FF6 /* Resources */ = {
			isa = PBXResourcesBuildPhase;
			buildActionMask = 2147483647;
			files = (
				5E51902122DD5CA600C77FF6 /* LaunchScreen.storyboard in Resources */,
				5E51902922DD758B00C77FF6 /* GoogleService-Info.plist in Resources */,
				5E51901E22DD5CA600C77FF6 /* Assets.xcassets in Resources */,
				5E51901C22DD5CA300C77FF6 /* Main.storyboard in Resources */,
			);
			runOnlyForDeploymentPostprocessing = 0;
		};
/* End PBXResourcesBuildPhase section */

/* Begin PBXShellScriptBuildPhase section */
		3FF185685F938D650BAABB8C /* [CP] Check Pods Manifest.lock */ = {
			isa = PBXShellScriptBuildPhase;
			buildActionMask = 2147483647;
			files = (
			);
			inputFileListPaths = (
			);
			inputPaths = (
				"${PODS_PODFILE_DIR_PATH}/Podfile.lock",
				"${PODS_ROOT}/Manifest.lock",
			);
			name = "[CP] Check Pods Manifest.lock";
			outputFileListPaths = (
			);
			outputPaths = (
				"$(DERIVED_FILE_DIR)/Pods-firebaseLogin-checkManifestLockResult.txt",
			);
			runOnlyForDeploymentPostprocessing = 0;
			shellPath = /bin/sh;
			shellScript = "diff \"${PODS_PODFILE_DIR_PATH}/Podfile.lock\" \"${PODS_ROOT}/Manifest.lock\" > /dev/null\nif [ $? != 0 ] ; then\n    # print error to STDERR\n    echo \"error: The sandbox is not in sync with the Podfile.lock. Run 'pod install' or update your CocoaPods installation.\" >&2\n    exit 1\nfi\n# This output is used by Xcode 'outputs' to avoid re-running this script phase.\necho \"SUCCESS\" > \"${SCRIPT_OUTPUT_FILE_0}\"\n";
			showEnvVarsInLog = 0;
		};
		9E95DCA856CB0DF6B12B5A45 /* [CP] Embed Pods Frameworks */ = {
			isa = PBXShellScriptBuildPhase;
			buildActionMask = 2147483647;
			files = (
			);
			inputFileListPaths = (
			);
			inputPaths = (
				"${SRCROOT}/Pods/Target Support Files/Pods-firebaseLogin/Pods-firebaseLogin-frameworks.sh",
				"${BUILT_PRODUCTS_DIR}/GTMSessionFetcher/GTMSessionFetcher.framework",
				"${BUILT_PRODUCTS_DIR}/GoogleUtilities/GoogleUtilities.framework",
				"${BUILT_PRODUCTS_DIR}/leveldb-library/leveldb.framework",
				"${BUILT_PRODUCTS_DIR}/nanopb/nanopb.framework",
			);
			name = "[CP] Embed Pods Frameworks";
			outputFileListPaths = (
			);
			outputPaths = (
				"${TARGET_BUILD_DIR}/${FRAMEWORKS_FOLDER_PATH}/GTMSessionFetcher.framework",
				"${TARGET_BUILD_DIR}/${FRAMEWORKS_FOLDER_PATH}/GoogleUtilities.framework",
				"${TARGET_BUILD_DIR}/${FRAMEWORKS_FOLDER_PATH}/leveldb.framework",
				"${TARGET_BUILD_DIR}/${FRAMEWORKS_FOLDER_PATH}/nanopb.framework",
			);
			runOnlyForDeploymentPostprocessing = 0;
			shellPath = /bin/sh;
			shellScript = "\"${SRCROOT}/Pods/Target Support Files/Pods-firebaseLogin/Pods-firebaseLogin-frameworks.sh\"\n";
			showEnvVarsInLog = 0;
		};
/* End PBXShellScriptBuildPhase section */

/* Begin PBXSourcesBuildPhase section */
		5E51900F22DD5CA300C77FF6 /* Sources */ = {
			isa = PBXSourcesBuildPhase;
			buildActionMask = 2147483647;
			files = (
				5E51902C22DD77A300C77FF6 /* SingInViewController.swift in Sources */,
				5E51901922DD5CA300C77FF6 /* ViewController.swift in Sources */,
				5E51901722DD5CA300C77FF6 /* AppDelegate.swift in Sources */,
				5E51902E22DDA8CB00C77FF6 /* HomeViewController.swift in Sources */,
			);
			runOnlyForDeploymentPostprocessing = 0;
		};
/* End PBXSourcesBuildPhase section */

/* Begin PBXVariantGroup section */
		5E51901A22DD5CA300C77FF6 /* Main.storyboard */ = {
			isa = PBXVariantGroup;
			children = (
				5E51901B22DD5CA300C77FF6 /* Base */,
			);
			name = Main.storyboard;
			sourceTree = "<group>";
		};
		5E51901F22DD5CA600C77FF6 /* LaunchScreen.storyboard */ = {
			isa = PBXVariantGroup;
			children = (
				5E51902022DD5CA600C77FF6 /* Base */,
			);
			name = LaunchScreen.storyboard;
			sourceTree = "<group>";
		};
/* End PBXVariantGroup section */

/* Begin XCBuildConfiguration section */
		5E51902322DD5CA600C77FF6 /* Debug */ = {
			isa = XCBuildConfiguration;
			buildSettings = {
				ALWAYS_SEARCH_USER_PATHS = NO;
				CLANG_ANALYZER_NONNULL = YES;
				CLANG_ANALYZER_NUMBER_OBJECT_CONVERSION = YES_AGGRESSIVE;
				CLANG_CXX_LANGUAGE_STANDARD = "gnu++14";
				CLANG_CXX_LIBRARY = "libc++";
				CLANG_ENABLE_MODULES = YES;
				CLANG_ENABLE_OBJC_ARC = YES;
				CLANG_ENABLE_OBJC_WEAK = YES;
				CLANG_WARN_BLOCK_CAPTURE_AUTORELEASING = YES;
				CLANG_WARN_BOOL_CONVERSION = YES;
				CLANG_WARN_COMMA = YES;
				CLANG_WARN_CONSTANT_CONVERSION = YES;
				CLANG_WARN_DEPRECATED_OBJC_IMPLEMENTATIONS = YES;
				CLANG_WARN_DIRECT_OBJC_ISA_USAGE = YES_ERROR;
				CLANG_WARN_DOCUMENTATION_COMMENTS = YES;
				CLANG_WARN_EMPTY_BODY = YES;
				CLANG_WARN_ENUM_CONVERSION = YES;
				CLANG_WARN_INFINITE_RECURSION = YES;
				CLANG_WARN_INT_CONVERSION = YES;
				CLANG_WARN_NON_LITERAL_NULL_CONVERSION = YES;
				CLANG_WARN_OBJC_IMPLICIT_RETAIN_SELF = YES;
				CLANG_WARN_OBJC_LITERAL_CONVERSION = YES;
				CLANG_WARN_OBJC_ROOT_CLASS = YES_ERROR;
				CLANG_WARN_RANGE_LOOP_ANALYSIS = YES;
				CLANG_WARN_STRICT_PROTOTYPES = YES;
				CLANG_WARN_SUSPICIOUS_MOVE = YES;
				CLANG_WARN_UNGUARDED_AVAILABILITY = YES_AGGRESSIVE;
				CLANG_WARN_UNREACHABLE_CODE = YES;
				CLANG_WARN__DUPLICATE_METHOD_MATCH = YES;
				CODE_SIGN_IDENTITY = "iPhone Developer";
				COPY_PHASE_STRIP = NO;
				DEBUG_INFORMATION_FORMAT = dwarf;
				ENABLE_STRICT_OBJC_MSGSEND = YES;
				ENABLE_TESTABILITY = YES;
				GCC_C_LANGUAGE_STANDARD = gnu11;
				GCC_DYNAMIC_NO_PIC = NO;
				GCC_NO_COMMON_BLOCKS = YES;
				GCC_OPTIMIZATION_LEVEL = 0;
				GCC_PREPROCESSOR_DEFINITIONS = (
					"DEBUG=1",
					"$(inherited)",
				);
				GCC_WARN_64_TO_32_BIT_CONVERSION = YES;
				GCC_WARN_ABOUT_RETURN_TYPE = YES_ERROR;
				GCC_WARN_UNDECLARED_SELECTOR = YES;
				GCC_WARN_UNINITIALIZED_AUTOS = YES_AGGRESSIVE;
				GCC_WARN_UNUSED_FUNCTION = YES;
				GCC_WARN_UNUSED_VARIABLE = YES;
				IPHONEOS_DEPLOYMENT_TARGET = 12.2;
				MTL_ENABLE_DEBUG_INFO = INCLUDE_SOURCE;
				MTL_FAST_MATH = YES;
				ONLY_ACTIVE_ARCH = YES;
				SDKROOT = iphoneos;
				SWIFT_ACTIVE_COMPILATION_CONDITIONS = DEBUG;
				SWIFT_OPTIMIZATION_LEVEL = "-Onone";
			};
			name = Debug;
		};
		5E51902422DD5CA600C77FF6 /* Release */ = {
			isa = XCBuildConfiguration;
			buildSettings = {
				ALWAYS_SEARCH_USER_PATHS = NO;
				CLANG_ANALYZER_NONNULL = YES;
				CLANG_ANALYZER_NUMBER_OBJECT_CONVERSION = YES_AGGRESSIVE;
				CLANG_CXX_LANGUAGE_STANDARD = "gnu++14";
				CLANG_CXX_LIBRARY = "libc++";
				CLANG_ENABLE_MODULES = YES;
				CLANG_ENABLE_OBJC_ARC = YES;
				CLANG_ENABLE_OBJC_WEAK = YES;
				CLANG_WARN_BLOCK_CAPTURE_AUTORELEASING = YES;
				CLANG_WARN_BOOL_CONVERSION = YES;
				CLANG_WARN_COMMA = YES;
				CLANG_WARN_CONSTANT_CONVERSION = YES;
				CLANG_WARN_DEPRECATED_OBJC_IMPLEMENTATIONS = YES;
				CLANG_WARN_DIRECT_OBJC_ISA_USAGE = YES_ERROR;
				CLANG_WARN_DOCUMENTATION_COMMENTS = YES;
				CLANG_WARN_EMPTY_BODY = YES;
				CLANG_WARN_ENUM_CONVERSION = YES;
				CLANG_WARN_INFINITE_RECURSION = YES;
				CLANG_WARN_INT_CONVERSION = YES;
				CLANG_WARN_NON_LITERAL_NULL_CONVERSION = YES;
				CLANG_WARN_OBJC_IMPLICIT_RETAIN_SELF = YES;
				CLANG_WARN_OBJC_LITERAL_CONVERSION = YES;
				CLANG_WARN_OBJC_ROOT_CLASS = YES_ERROR;
				CLANG_WARN_RANGE_LOOP_ANALYSIS = YES;
				CLANG_WARN_STRICT_PROTOTYPES = YES;
				CLANG_WARN_SUSPICIOUS_MOVE = YES;
				CLANG_WARN_UNGUARDED_AVAILABILITY = YES_AGGRESSIVE;
				CLANG_WARN_UNREACHABLE_CODE = YES;
				CLANG_WARN__DUPLICATE_METHOD_MATCH = YES;
				CODE_SIGN_IDENTITY = "iPhone Developer";
				COPY_PHASE_STRIP = NO;
				DEBUG_INFORMATION_FORMAT = "dwarf-with-dsym";
				ENABLE_NS_ASSERTIONS = NO;
				ENABLE_STRICT_OBJC_MSGSEND = YES;
				GCC_C_LANGUAGE_STANDARD = gnu11;
				GCC_NO_COMMON_BLOCKS = YES;
				GCC_WARN_64_TO_32_BIT_CONVERSION = YES;
				GCC_WARN_ABOUT_RETURN_TYPE = YES_ERROR;
				GCC_WARN_UNDECLARED_SELECTOR = YES;
				GCC_WARN_UNINITIALIZED_AUTOS = YES_AGGRESSIVE;
				GCC_WARN_UNUSED_FUNCTION = YES;
				GCC_WARN_UNUSED_VARIABLE = YES;
				IPHONEOS_DEPLOYMENT_TARGET = 12.2;
				MTL_ENABLE_DEBUG_INFO = NO;
				MTL_FAST_MATH = YES;
				SDKROOT = iphoneos;
				SWIFT_COMPILATION_MODE = wholemodule;
				SWIFT_OPTIMIZATION_LEVEL = "-O";
				VALIDATE_PRODUCT = YES;
			};
			name = Release;
		};
		5E51902622DD5CA600C77FF6 /* Debug */ = {
			isa = XCBuildConfiguration;
			baseConfigurationReference = 02973CBB7BFFBE245B675D52 /* Pods-firebaseLogin.debug.xcconfig */;
			buildSettings = {
				ASSETCATALOG_COMPILER_APPICON_NAME = AppIcon;
				CODE_SIGN_STYLE = Automatic;
				DEVELOPMENT_TEAM = CFLS7NTRUY;
				INFOPLIST_FILE = firebaseLogin/Info.plist;
				LD_RUNPATH_SEARCH_PATHS = (
					"$(inherited)",
					"@executable_path/Frameworks",
				);
				PRODUCT_BUNDLE_IDENTIFIER = com.chelsealin88.firebaseLogin;
				PRODUCT_NAME = "$(TARGET_NAME)";
				SWIFT_VERSION = 5.0;
				TARGETED_DEVICE_FAMILY = "1,2";
			};
			name = Debug;
		};
		5E51902722DD5CA600C77FF6 /* Release */ = {
			isa = XCBuildConfiguration;
			baseConfigurationReference = 143ADE4C64AA4A764241B3C1 /* Pods-firebaseLogin.release.xcconfig */;
			buildSettings = {
				ASSETCATALOG_COMPILER_APPICON_NAME = AppIcon;
				CODE_SIGN_STYLE = Automatic;
				DEVELOPMENT_TEAM = CFLS7NTRUY;
				INFOPLIST_FILE = firebaseLogin/Info.plist;
				LD_RUNPATH_SEARCH_PATHS = (
					"$(inherited)",
					"@executable_path/Frameworks",
				);
				PRODUCT_BUNDLE_IDENTIFIER = com.chelsealin88.firebaseLogin;
				PRODUCT_NAME = "$(TARGET_NAME)";
				SWIFT_VERSION = 5.0;
				TARGETED_DEVICE_FAMILY = "1,2";
			};
			name = Release;
		};
/* End XCBuildConfiguration section */

/* Begin XCConfigurationList section */
		5E51900E22DD5CA300C77FF6 /* Build configuration list for PBXProject "firebaseLogin" */ = {
			isa = XCConfigurationList;
			buildConfigurations = (
				5E51902322DD5CA600C77FF6 /* Debug */,
				5E51902422DD5CA600C77FF6 /* Release */,
			);
			defaultConfigurationIsVisible = 0;
			defaultConfigurationName = Release;
		};
		5E51902522DD5CA600C77FF6 /* Build configuration list for PBXNativeTarget "firebaseLogin" */ = {
			isa = XCConfigurationList;
			buildConfigurations = (
				5E51902622DD5CA600C77FF6 /* Debug */,
				5E51902722DD5CA600C77FF6 /* Release */,
			);
			defaultConfigurationIsVisible = 0;
			defaultConfigurationName = Release;
		};
/* End XCConfigurationList section */
	};
	rootObject = 5E51900B22DD5CA300C77FF6 /* Project object */;
}
